// !$*UTF8*$!
{
	archiveVersion = 1;
	classes = {
	};
	objectVersion = 46;
	objects = {

/* Begin PBXBuildFile section */
		25043C4A174C90D2005D2025 /* seven_seg_display.c in Sources */ = {isa = PBXBuildFile; fileRef = 25043C49174C90D2005D2025 /* seven_seg_display.c */; };
		2561ED74175746C200C027E0 /* tetris_sound.c in Sources */ = {isa = PBXBuildFile; fileRef = 2561ED73175746C200C027E0 /* tetris_sound.c */; };
		258ACF76174355900076F4BD /* external_interrupt.c in Sources */ = {isa = PBXBuildFile; fileRef = 258ACF4B17434C3D0076F4BD /* external_interrupt.c */; };
		258ACF78174355900076F4BD /* joystick.c in Sources */ = {isa = PBXBuildFile; fileRef = 258ACF4D17434C3D0076F4BD /* joystick.c */; };
		258ACF7A174355900076F4BD /* keypad.c in Sources */ = {isa = PBXBuildFile; fileRef = 258ACF4F17434C3D0076F4BD /* keypad.c */; };
		258ACF80174355900076F4BD /* project.c in Sources */ = {isa = PBXBuildFile; fileRef = 258ACF5517434C3D0076F4BD /* project.c */; };
		258ACF81174355900076F4BD /* score.c in Sources */ = {isa = PBXBuildFile; fileRef = 258ACF5617434C3D0076F4BD /* score.c */; };
		258ACF85174355900076F4BD /* serialio.c in Sources */ = {isa = PBXBuildFile; fileRef = 258ACF5A17434C3D0076F4BD /* serialio.c */; };
		258ACF87174355900076F4BD /* terminalio.c in Sources */ = {isa = PBXBuildFile; fileRef = 258ACF5C17434C3D0076F4BD /* terminalio.c */; };
		258ACF89174355900076F4BD /* timer2.c in Sources */ = {isa = PBXBuildFile; fileRef = 258ACF5E17434C3D0076F4BD /* timer2.c */; };
		25D584C917584A27001AD117 /* tetris_hud.c in Sources */ = {isa = PBXBuildFile; fileRef = 25D584C717584A04001AD117 /* tetris_hud.c */; };
		25E10FA51757891F0014D087 /* tetris_state_drop.c in Sources */ = {isa = PBXBuildFile; fileRef = 25E10FA41757891F0014D087 /* tetris_state_drop.c */; };
		25E2479117536F9700D1CD3C /* canvas.c in Sources */ = {isa = PBXBuildFile; fileRef = 25E2479017536F9700D1CD3C /* canvas.c */; };
		25E247941753906500D1CD3C /* tetris.c in Sources */ = {isa = PBXBuildFile; fileRef = 25E247931753906400D1CD3C /* tetris.c */; };
		25E247971753AA1B00D1CD3C /* tetris_piece.c in Sources */ = {isa = PBXBuildFile; fileRef = 25E247961753AA1A00D1CD3C /* tetris_piece.c */; };
		25E2479A17560A9000D1CD3C /* canvas_text.c in Sources */ = {isa = PBXBuildFile; fileRef = 25E2479917560A9000D1CD3C /* canvas_text.c */; };
		25E2479D175622EE00D1CD3C /* tetris_state_play.c in Sources */ = {isa = PBXBuildFile; fileRef = 25E2479C175622EE00D1CD3C /* tetris_state_play.c */; };
		25E247A0175623FD00D1CD3C /* tetris_input.c in Sources */ = {isa = PBXBuildFile; fileRef = 25E2479F175623FC00D1CD3C /* tetris_input.c */; };
		25E247A3175639B300D1CD3C /* tetris_state_splash.c in Sources */ = {isa = PBXBuildFile; fileRef = 25E247A2175639B200D1CD3C /* tetris_state_splash.c */; };
		25E247A91756787C00D1CD3C /* tetris_display.c in Sources */ = {isa = PBXBuildFile; fileRef = 25E247A81756787C00D1CD3C /* tetris_display.c */; };
		25E247AC17567A8B00D1CD3C /* tetris_state_pause.c in Sources */ = {isa = PBXBuildFile; fileRef = 25E247AB17567A8B00D1CD3C /* tetris_state_pause.c */; };
		25E247AE17567AF500D1CD3C /* tetris_state_level.c in Sources */ = {isa = PBXBuildFile; fileRef = 25E247AD17567AF500D1CD3C /* tetris_state_level.c */; };
		25E247B017567BCF00D1CD3C /* tetris_state_lose.c in Sources */ = {isa = PBXBuildFile; fileRef = 25E247AF17567BCE00D1CD3C /* tetris_state_lose.c */; };
/* End PBXBuildFile section */

/* Begin PBXFileReference section */
		25043C49174C90D2005D2025 /* seven_seg_display.c */ = {isa = PBXFileReference; fileEncoding = 4; lastKnownFileType = sourcecode.c.c; path = seven_seg_display.c; sourceTree = "<group>"; };
		253070861748E1CB00188C7D /* Terminal */ = {isa = PBXFileReference; explicitFileType = "compiled.mach-o.executable"; includeInIndex = 0; path = Terminal; sourceTree = BUILT_PRODUCTS_DIR; };
		253070871748E1EA00188C7D /* project.eep */ = {isa = PBXFileReference; lastKnownFileType = text; name = project.eep; path = "../../Library/Developer/Xcode/DerivedData/Tetris-evaknpdpwndcqohhhobqqhpnzdit/Build/Products/Release/project.eep"; sourceTree = "<group>"; };
		253070881748E1EA00188C7D /* project.hex */ = {isa = PBXFileReference; lastKnownFileType = text; name = project.hex; path = "../../Library/Developer/Xcode/DerivedData/Tetris-evaknpdpwndcqohhhobqqhpnzdit/Build/Products/Release/project.hex"; sourceTree = "<group>"; };
		253070891748E1EA00188C7D /* project.lss */ = {isa = PBXFileReference; lastKnownFileType = text; name = project.lss; path = "../../Library/Developer/Xcode/DerivedData/Tetris-evaknpdpwndcqohhhobqqhpnzdit/Build/Products/Release/project.lss"; sourceTree = "<group>"; };
		2530708A1748E1EA00188C7D /* project.map */ = {isa = PBXFileReference; lastKnownFileType = text; name = project.map; path = "../../Library/Developer/Xcode/DerivedData/Tetris-evaknpdpwndcqohhhobqqhpnzdit/Build/Products/Release/project.map"; sourceTree = "<group>"; };
		2530708B1748E1EA00188C7D /* project.sym */ = {isa = PBXFileReference; lastKnownFileType = text; name = project.sym; path = "../../Library/Developer/Xcode/DerivedData/Tetris-evaknpdpwndcqohhhobqqhpnzdit/Build/Products/Release/project.sym"; sourceTree = "<group>"; };
		2530708E1748EC3A00188C7D /* make-moss */ = {isa = PBXFileReference; explicitFileType = sourcecode.make; path = "make-moss"; sourceTree = "<group>"; };
		2561ED72175746AE00C027E0 /* tetris_sound.h */ = {isa = PBXFileReference; lastKnownFileType = sourcecode.c.h; path = tetris_sound.h; sourceTree = "<group>"; };
		2561ED73175746C200C027E0 /* tetris_sound.c */ = {isa = PBXFileReference; fileEncoding = 4; lastKnownFileType = sourcecode.c.c; path = tetris_sound.c; sourceTree = "<group>"; };
		258ACF4B17434C3D0076F4BD /* external_interrupt.c */ = {isa = PBXFileReference; lastKnownFileType = sourcecode.c.c; path = external_interrupt.c; sourceTree = "<group>"; };
		258ACF4C17434C3D0076F4BD /* external_interrupt.h */ = {isa = PBXFileReference; lastKnownFileType = sourcecode.c.h; path = external_interrupt.h; sourceTree = "<group>"; };
		258ACF4D17434C3D0076F4BD /* joystick.c */ = {isa = PBXFileReference; lastKnownFileType = sourcecode.c.c; path = joystick.c; sourceTree = "<group>"; };
		258ACF4E17434C3D0076F4BD /* joystick.h */ = {isa = PBXFileReference; lastKnownFileType = sourcecode.c.h; path = joystick.h; sourceTree = "<group>"; };
		258ACF4F17434C3D0076F4BD /* keypad.c */ = {isa = PBXFileReference; lastKnownFileType = sourcecode.c.c; path = keypad.c; sourceTree = "<group>"; };
		258ACF5017434C3D0076F4BD /* keypad.h */ = {isa = PBXFileReference; lastKnownFileType = sourcecode.c.h; path = keypad.h; sourceTree = "<group>"; };
		258ACF5517434C3D0076F4BD /* project.c */ = {isa = PBXFileReference; lastKnownFileType = sourcecode.c.c; path = project.c; sourceTree = "<group>"; };
		258ACF5617434C3D0076F4BD /* score.c */ = {isa = PBXFileReference; lastKnownFileType = sourcecode.c.c; path = score.c; sourceTree = "<group>"; };
		258ACF5717434C3D0076F4BD /* score.h */ = {isa = PBXFileReference; lastKnownFileType = sourcecode.c.h; path = score.h; sourceTree = "<group>"; };
		258ACF5A17434C3D0076F4BD /* serialio.c */ = {isa = PBXFileReference; lastKnownFileType = sourcecode.c.c; path = serialio.c; sourceTree = "<group>"; };
		258ACF5B17434C3D0076F4BD /* serialio.h */ = {isa = PBXFileReference; lastKnownFileType = sourcecode.c.h; path = serialio.h; sourceTree = "<group>"; };
		258ACF5C17434C3D0076F4BD /* terminalio.c */ = {isa = PBXFileReference; lastKnownFileType = sourcecode.c.c; path = terminalio.c; sourceTree = "<group>"; };
		258ACF5D17434C3D0076F4BD /* terminalio.h */ = {isa = PBXFileReference; lastKnownFileType = sourcecode.c.h; path = terminalio.h; sourceTree = "<group>"; };
		258ACF5E17434C3D0076F4BD /* timer2.c */ = {isa = PBXFileReference; lastKnownFileType = sourcecode.c.c; path = timer2.c; sourceTree = "<group>"; };
		258ACF5F17434C3D0076F4BD /* timer2.h */ = {isa = PBXFileReference; lastKnownFileType = sourcecode.c.h; path = timer2.h; sourceTree = "<group>"; };
		258ACF641743516D0076F4BD /* make-avr */ = {isa = PBXFileReference; explicitFileType = sourcecode.make; fileEncoding = 4; path = "make-avr"; sourceTree = "<group>"; };
		25D584C717584A04001AD117 /* tetris_hud.c */ = {isa = PBXFileReference; fileEncoding = 4; lastKnownFileType = sourcecode.c.c; path = tetris_hud.c; sourceTree = "<group>"; };
		25D584C817584A15001AD117 /* tetris_hud.h */ = {isa = PBXFileReference; lastKnownFileType = sourcecode.c.h; path = tetris_hud.h; sourceTree = "<group>"; };
		25E10FA41757891F0014D087 /* tetris_state_drop.c */ = {isa = PBXFileReference; fileEncoding = 4; lastKnownFileType = sourcecode.c.c; path = tetris_state_drop.c; sourceTree = "<group>"; };
		25E2478C1753395700D1CD3C /* seven_seg_display.h */ = {isa = PBXFileReference; lastKnownFileType = sourcecode.c.h; path = seven_seg_display.h; sourceTree = "<group>"; };
		25E2479017536F9700D1CD3C /* canvas.c */ = {isa = PBXFileReference; fileEncoding = 4; lastKnownFileType = sourcecode.c.c; path = canvas.c; sourceTree = "<group>"; };
		25E2479217536FA200D1CD3C /* canvas.h */ = {isa = PBXFileReference; lastKnownFileType = sourcecode.c.h; path = canvas.h; sourceTree = "<group>"; };
		25E247931753906400D1CD3C /* tetris.c */ = {isa = PBXFileReference; fileEncoding = 4; lastKnownFileType = sourcecode.c.c; path = tetris.c; sourceTree = "<group>"; };
		25E247951753909200D1CD3C /* tetris.h */ = {isa = PBXFileReference; lastKnownFileType = sourcecode.c.h; path = tetris.h; sourceTree = "<group>"; };
		25E247961753AA1A00D1CD3C /* tetris_piece.c */ = {isa = PBXFileReference; fileEncoding = 4; lastKnownFileType = sourcecode.c.c; path = tetris_piece.c; sourceTree = "<group>"; };
		25E247981753AA2800D1CD3C /* tetris_piece.h */ = {isa = PBXFileReference; lastKnownFileType = sourcecode.c.h; path = tetris_piece.h; sourceTree = "<group>"; };
		25E2479917560A9000D1CD3C /* canvas_text.c */ = {isa = PBXFileReference; fileEncoding = 4; lastKnownFileType = sourcecode.c.c; path = canvas_text.c; sourceTree = "<group>"; };
		25E2479B17560B4300D1CD3C /* canvas_text.h */ = {isa = PBXFileReference; lastKnownFileType = sourcecode.c.h; path = canvas_text.h; sourceTree = "<group>"; };
		25E2479C175622EE00D1CD3C /* tetris_state_play.c */ = {isa = PBXFileReference; fileEncoding = 4; lastKnownFileType = sourcecode.c.c; path = tetris_state_play.c; sourceTree = "<group>"; };
		25E2479F175623FC00D1CD3C /* tetris_input.c */ = {isa = PBXFileReference; fileEncoding = 4; lastKnownFileType = sourcecode.c.c; path = tetris_input.c; sourceTree = "<group>"; };
		25E247A11756240900D1CD3C /* tetris_input.h */ = {isa = PBXFileReference; lastKnownFileType = sourcecode.c.h; path = tetris_input.h; sourceTree = "<group>"; };
		25E247A2175639B200D1CD3C /* tetris_state_splash.c */ = {isa = PBXFileReference; fileEncoding = 4; lastKnownFileType = sourcecode.c.c; path = tetris_state_splash.c; sourceTree = "<group>"; };
		25E247A81756787C00D1CD3C /* tetris_display.c */ = {isa = PBXFileReference; fileEncoding = 4; lastKnownFileType = sourcecode.c.c; path = tetris_display.c; sourceTree = "<group>"; };
		25E247AB17567A8B00D1CD3C /* tetris_state_pause.c */ = {isa = PBXFileReference; fileEncoding = 4; lastKnownFileType = sourcecode.c.c; path = tetris_state_pause.c; sourceTree = "<group>"; };
		25E247AD17567AF500D1CD3C /* tetris_state_level.c */ = {isa = PBXFileReference; fileEncoding = 4; lastKnownFileType = sourcecode.c.c; path = tetris_state_level.c; sourceTree = "<group>"; };
		25E247AF17567BCE00D1CD3C /* tetris_state_lose.c */ = {isa = PBXFileReference; fileEncoding = 4; lastKnownFileType = sourcecode.c.c; path = tetris_state_lose.c; sourceTree = "<group>"; };
		25EFF466175C6971003FB53D /* font_7x4.h */ = {isa = PBXFileReference; lastKnownFileType = sourcecode.c.h; path = font_7x4.h; sourceTree = "<group>"; };
/* End PBXFileReference section */

/* Begin PBXFrameworksBuildPhase section */
		258ACF69174354F50076F4BD /* Frameworks */ = {
			isa = PBXFrameworksBuildPhase;
			buildActionMask = 2147483647;
			files = (
			);
			runOnlyForDeploymentPostprocessing = 0;
		};
/* End PBXFrameworksBuildPhase section */

/* Begin PBXGroup section */
		2530708D1748E21300188C7D /* Products */ = {
			isa = PBXGroup;
			children = (
				253070861748E1CB00188C7D /* Terminal */,
				253070871748E1EA00188C7D /* project.eep */,
				253070881748E1EA00188C7D /* project.hex */,
				253070891748E1EA00188C7D /* project.lss */,
				2530708A1748E1EA00188C7D /* project.map */,
				2530708B1748E1EA00188C7D /* project.sym */,
			);
			name = Products;
			sourceTree = "<group>";
		};
		258ACF4817434C3D0076F4BD /* src */ = {
			isa = PBXGroup;
			children = (
				258ACF4B17434C3D0076F4BD /* external_interrupt.c */,
				258ACF4C17434C3D0076F4BD /* external_interrupt.h */,
				258ACF4D17434C3D0076F4BD /* joystick.c */,
				258ACF4E17434C3D0076F4BD /* joystick.h */,
				258ACF4F17434C3D0076F4BD /* keypad.c */,
				258ACF5017434C3D0076F4BD /* keypad.h */,
				258ACF5517434C3D0076F4BD /* project.c */,
				258ACF5617434C3D0076F4BD /* score.c */,
				258ACF5717434C3D0076F4BD /* score.h */,
				258ACF5A17434C3D0076F4BD /* serialio.c */,
				258ACF5B17434C3D0076F4BD /* serialio.h */,
				258ACF5C17434C3D0076F4BD /* terminalio.c */,
				258ACF5D17434C3D0076F4BD /* terminalio.h */,
				258ACF5E17434C3D0076F4BD /* timer2.c */,
				258ACF5F17434C3D0076F4BD /* timer2.h */,
				25043C49174C90D2005D2025 /* seven_seg_display.c */,
				25E2478C1753395700D1CD3C /* seven_seg_display.h */,
				25E2479017536F9700D1CD3C /* canvas.c */,
				25E2479217536FA200D1CD3C /* canvas.h */,
				25E247931753906400D1CD3C /* tetris.c */,
				25E247951753909200D1CD3C /* tetris.h */,
				25E247961753AA1A00D1CD3C /* tetris_piece.c */,
				25E247981753AA2800D1CD3C /* tetris_piece.h */,
				25E2479917560A9000D1CD3C /* canvas_text.c */,
				25E2479B17560B4300D1CD3C /* canvas_text.h */,
				25E2479C175622EE00D1CD3C /* tetris_state_play.c */,
				25E2479F175623FC00D1CD3C /* tetris_input.c */,
				25E247A11756240900D1CD3C /* tetris_input.h */,
				25E247A2175639B200D1CD3C /* tetris_state_splash.c */,
				25E247A81756787C00D1CD3C /* tetris_display.c */,
				25E247AB17567A8B00D1CD3C /* tetris_state_pause.c */,
				25E247AD17567AF500D1CD3C /* tetris_state_level.c */,
				25E247AF17567BCE00D1CD3C /* tetris_state_lose.c */,
				2561ED72175746AE00C027E0 /* tetris_sound.h */,
				2561ED73175746C200C027E0 /* tetris_sound.c */,
				25E10FA41757891F0014D087 /* tetris_state_drop.c */,
				25D584C717584A04001AD117 /* tetris_hud.c */,
				25D584C817584A15001AD117 /* tetris_hud.h */,
				25EFF466175C6971003FB53D /* font_7x4.h */,
			);
			path = src;
			sourceTree = "<group>";
		};
		4079523B0CEA382200E202DC = {
			isa = PBXGroup;
			children = (
				2530708E1748EC3A00188C7D /* make-moss */,
				258ACF641743516D0076F4BD /* make-avr */,
				258ACF4817434C3D0076F4BD /* src */,
				2530708D1748E21300188C7D /* Products */,
			);
			sourceTree = "<group>";
		};
/* End PBXGroup section */

/* Begin PBXLegacyTarget section */
		407952600CEA391500E202DC /* AVR */ = {
			isa = PBXLegacyTarget;
			buildArgumentsString = "-f ../make-avr $(ACTION)";
			buildConfigurationList = 407952610CEA393300E202DC /* Build configuration list for PBXLegacyTarget "AVR" */;
			buildPhases = (
			);
			buildToolPath = /usr/bin/make;
			buildWorkingDirectory = src/;
			dependencies = (
			);
			name = AVR;
			passBuildSettingsInEnvironment = 1;
			productName = "Build All";
		};
/* End PBXLegacyTarget section */

/* Begin PBXNativeTarget section */
		258ACF6B174354F50076F4BD /* Terminal */ = {
			isa = PBXNativeTarget;
			buildConfigurationList = 258ACF72174354F50076F4BD /* Build configuration list for PBXNativeTarget "Terminal" */;
			buildPhases = (
				258ACF68174354F50076F4BD /* Sources */,
				258ACF69174354F50076F4BD /* Frameworks */,
			);
			buildRules = (
			);
			dependencies = (
			);
			name = Terminal;
			productName = terminal;
			productReference = 253070861748E1CB00188C7D /* Terminal */;
			productType = "com.apple.product-type.tool";
		};
/* End PBXNativeTarget section */

/* Begin PBXProject section */
		4079523D0CEA382200E202DC /* Project object */ = {
			isa = PBXProject;
			attributes = {
				LastUpgradeCheck = 0460;
			};
			buildConfigurationList = 4079523E0CEA382200E202DC /* Build configuration list for PBXProject "Tetris" */;
			compatibilityVersion = "Xcode 3.2";
			developmentRegion = English;
			hasScannedForEncodings = 0;
			knownRegions = (
				en,
			);
			mainGroup = 4079523B0CEA382200E202DC;
			productRefGroup = 4079523B0CEA382200E202DC;
			projectDirPath = "";
			projectRoot = "";
			targets = (
				407952600CEA391500E202DC /* AVR */,
				258ACF6B174354F50076F4BD /* Terminal */,
			);
		};
/* End PBXProject section */

/* Begin PBXSourcesBuildPhase section */
		258ACF68174354F50076F4BD /* Sources */ = {
			isa = PBXSourcesBuildPhase;
			buildActionMask = 2147483647;
			files = (
				258ACF76174355900076F4BD /* external_interrupt.c in Sources */,
				258ACF78174355900076F4BD /* joystick.c in Sources */,
				258ACF7A174355900076F4BD /* keypad.c in Sources */,
				258ACF80174355900076F4BD /* project.c in Sources */,
				258ACF81174355900076F4BD /* score.c in Sources */,
				258ACF85174355900076F4BD /* serialio.c in Sources */,
				258ACF87174355900076F4BD /* terminalio.c in Sources */,
				258ACF89174355900076F4BD /* timer2.c in Sources */,
				25043C4A174C90D2005D2025 /* seven_seg_display.c in Sources */,
				25E2479117536F9700D1CD3C /* canvas.c in Sources */,
				25E247941753906500D1CD3C /* tetris.c in Sources */,
				25E247971753AA1B00D1CD3C /* tetris_piece.c in Sources */,
				25E2479A17560A9000D1CD3C /* canvas_text.c in Sources */,
				25E2479D175622EE00D1CD3C /* tetris_state_play.c in Sources */,
				25E247A0175623FD00D1CD3C /* tetris_input.c in Sources */,
				25E247A3175639B300D1CD3C /* tetris_state_splash.c in Sources */,
				25E247A91756787C00D1CD3C /* tetris_display.c in Sources */,
				25E247AC17567A8B00D1CD3C /* tetris_state_pause.c in Sources */,
				25E247AE17567AF500D1CD3C /* tetris_state_level.c in Sources */,
				25E247B017567BCF00D1CD3C /* tetris_state_lose.c in Sources */,
				2561ED74175746C200C027E0 /* tetris_sound.c in Sources */,
				25E10FA51757891F0014D087 /* tetris_state_drop.c in Sources */,
				25D584C917584A27001AD117 /* tetris_hud.c in Sources */,
			);
			runOnlyForDeploymentPostprocessing = 0;
		};
/* End PBXSourcesBuildPhase section */

/* Begin XCBuildConfiguration section */
		258ACF73174354F50076F4BD /* Release */ = {
			isa = XCBuildConfiguration;
			buildSettings = {
				ALWAYS_SEARCH_USER_PATHS = NO;
				ARCHS = "$(ARCHS_STANDARD_32_64_BIT)";
				CLANG_CXX_LANGUAGE_STANDARD = "gnu++0x";
				CLANG_CXX_LIBRARY = "libc++";
				CLANG_WARN_CONSTANT_CONVERSION = YES;
				CLANG_WARN_EMPTY_BODY = YES;
				CLANG_WARN_ENUM_CONVERSION = YES;
				CLANG_WARN_INT_CONVERSION = YES;
				CLANG_WARN__DUPLICATE_METHOD_MATCH = YES;
				DEBUG_INFORMATION_FORMAT = "dwarf-with-dsym";
				GCC_C_LANGUAGE_STANDARD = gnu99;
				GCC_ENABLE_OBJC_EXCEPTIONS = YES;
				GCC_PREPROCESSOR_DEFINITIONS = "";
				"GCC_PREPROCESSOR_DEFINITIONS[arch=*]" = "";
				GCC_VERSION = com.apple.compilers.llvmgcc42;
				GCC_WARN_64_TO_32_BIT_CONVERSION = YES;
				GCC_WARN_ABOUT_RETURN_TYPE = YES;
				GCC_WARN_UNINITIALIZED_AUTOS = YES;
				GCC_WARN_UNUSED_VARIABLE = YES;
				MACOSX_DEPLOYMENT_TARGET = 10.8;
				PRODUCT_NAME = "$(TARGET_NAME)";
				SDKROOT = macosx;
			};
			name = Release;
		};
		407952400CEA382200E202DC /* Release */ = {
			isa = XCBuildConfiguration;
			buildSettings = {
				COPY_PHASE_STRIP = YES;
				"GCC_PREPROCESSOR_DEFINITIONS[arch=*]" = "AVR=1";
				GCC_PREPROCESSOR_DEFINITIONS_NOT_USED_IN_PRECOMPS = "";
				GCC_VERSION = com.apple.compilers.llvmgcc42;
			};
			name = Release;
		};
		407952630CEA393300E202DC /* Release */ = {
			isa = XCBuildConfiguration;
			buildSettings = {
				INCLUDE_PATH = "/usr/local/CrossPack-AVR/avr/include";
				PATH = "$(PATH):/usr/local/CrossPack-AVR/bin";
				PREPROCESSOR_MACROS = "AVR=1";
			};
			name = Release;
		};
/* End XCBuildConfiguration section */

/* Begin XCConfigurationList section */
		258ACF72174354F50076F4BD /* Build configuration list for PBXNativeTarget "Terminal" */ = {
			isa = XCConfigurationList;
			buildConfigurations = (
				258ACF73174354F50076F4BD /* Release */,
			);
			defaultConfigurationIsVisible = 0;
			defaultConfigurationName = Release;
		};
		4079523E0CEA382200E202DC /* Build configuration list for PBXProject "Tetris" */ = {
			isa = XCConfigurationList;
			buildConfigurations = (
				407952400CEA382200E202DC /* Release */,
			);
			defaultConfigurationIsVisible = 0;
			defaultConfigurationName = Release;
		};
		407952610CEA393300E202DC /* Build configuration list for PBXLegacyTarget "AVR" */ = {
			isa = XCConfigurationList;
			buildConfigurations = (
				407952630CEA393300E202DC /* Release */,
			);
			defaultConfigurationIsVisible = 0;
			defaultConfigurationName = Release;
		};
/* End XCConfigurationList section */
	};
	rootObject = 4079523D0CEA382200E202DC /* Project object */;
}
